
Microsoft Visual Studio Solution File, Format Version 12.00
# Visual Studio 15
VisualStudioVersion = 15.0.28307.271
MinimumVisualStudioVersion = 10.0.40219.1
Project("{FAE04EC0-301F-11D3-BF4B-00C04F79EFBC}") = "FormBuilder_115", "FormBuilder_115\FormBuilder_115.csproj", "{350C2C05-B593-4B8D-B80B-F4A686E381E4}"
EndProject
Global
	GlobalSection(SolutionConfigurationPlatforms) = preSolution
		Debug|Any CPU = Debug|Any CPU
		Release|Any CPU = Release|Any CPU
	EndGlobalSection
	GlobalSection(ProjectConfigurationPlatforms) = postSolution
		{350C2C05-B593-4B8D-B80B-F4A686E381E4}.Debug|Any CPU.ActiveCfg = Debug|Any CPU
		{350C2C05-B593-4B8D-B80B-F4A686E381E4}.Debug|Any CPU.Build.0 = Debug|Any CPU
		{350C2C05-B593-4B8D-B80B-F4A686E381E4}.Release|Any CPU.ActiveCfg = Release|Any CPU
		{350C2C05-B593-4B8D-B80B-F4A686E381E4}.Release|Any CPU.Build.0 = Release|Any CPU
	EndGlobalSection
	GlobalSection(SolutionProperties) = preSolution
		HideSolutionNode = FALSE
	EndGlobalSection
	GlobalSection(ExtensibilityGlobals) = postSolution
		SolutionGuid = {33739FF4-6772-44A4-9F1D-FED8EE3F67F9}
	EndGlobalSection
EndGlobal
